
Microsoft Visual Studio Solution File, Format Version 12.00
# Visual Studio 15
VisualStudioVersion = 15.0.27703.2042
MinimumVisualStudioVersion = 10.0.40219.1
Project("{FAE04EC0-301F-11D3-BF4B-00C04F79EFBC}") = "C Sharp Warmup 3", "C Sharp Warmup 3\C Sharp Warmup 3.csproj", "{9C5F12DE-3D5E-4213-9593-AC7B1B4BB11F}"
EndProject
Global
	GlobalSection(SolutionConfigurationPlatforms) = preSolution
		Debug|Any CPU = Debug|Any CPU
		Release|Any CPU = Release|Any CPU
	EndGlobalSection
	GlobalSection(ProjectConfigurationPlatforms) = postSolution
		{9C5F12DE-3D5E-4213-9593-AC7B1B4BB11F}.Debug|Any CPU.ActiveCfg = Debug|Any CPU
		{9C5F12DE-3D5E-4213-9593-AC7B1B4BB11F}.Debug|Any CPU.Build.0 = Debug|Any CPU
		{9C5F12DE-3D5E-4213-9593-AC7B1B4BB11F}.Release|Any CPU.ActiveCfg = Release|Any CPU
		{9C5F12DE-3D5E-4213-9593-AC7B1B4BB11F}.Release|Any CPU.Build.0 = Release|Any CPU
	EndGlobalSection
	GlobalSection(SolutionProperties) = preSolution
		HideSolutionNode = FALSE
	EndGlobalSection
	GlobalSection(ExtensibilityGlobals) = postSolution
		SolutionGuid = {E12FFDCC-30BF-417C-9CE2-43FB0118E182}
	EndGlobalSection
EndGlobal
