
Microsoft Visual Studio Solution File, Format Version 12.00
# Visual Studio 15
VisualStudioVersion = 15.0.27703.2042
MinimumVisualStudioVersion = 10.0.40219.1
Project("{FAE04EC0-301F-11D3-BF4B-00C04F79EFBC}") = "C Sharp Warmup 4", "C Sharp Warmup 4\C Sharp Warmup 4.csproj", "{F4076D94-5E53-418F-A54E-1DA7C475CBA5}"
EndProject
Global
	GlobalSection(SolutionConfigurationPlatforms) = preSolution
		Debug|Any CPU = Debug|Any CPU
		Release|Any CPU = Release|Any CPU
	EndGlobalSection
	GlobalSection(ProjectConfigurationPlatforms) = postSolution
		{F4076D94-5E53-418F-A54E-1DA7C475CBA5}.Debug|Any CPU.ActiveCfg = Debug|Any CPU
		{F4076D94-5E53-418F-A54E-1DA7C475CBA5}.Debug|Any CPU.Build.0 = Debug|Any CPU
		{F4076D94-5E53-418F-A54E-1DA7C475CBA5}.Release|Any CPU.ActiveCfg = Release|Any CPU
		{F4076D94-5E53-418F-A54E-1DA7C475CBA5}.Release|Any CPU.Build.0 = Release|Any CPU
	EndGlobalSection
	GlobalSection(SolutionProperties) = preSolution
		HideSolutionNode = FALSE
	EndGlobalSection
	GlobalSection(ExtensibilityGlobals) = postSolution
		SolutionGuid = {4F373601-9BB7-4F0E-8302-83A39BB386CD}
	EndGlobalSection
EndGlobal
